
Microsoft Visual Studio Solution File, Format Version 12.00
# Visual Studio Version 17
VisualStudioVersion = 17.1.32210.238
MinimumVisualStudioVersion = 10.0.40219.1
Project("{9A19103F-16F7-4668-BE54-9A1E7A4F7556}") = "TopologicalSorting", "TopologicalSorting\TopologicalSorting.csproj", "{1C3158B1-081D-45C4-B085-C80CED3C1B2E}"
EndProject
Project("{9A19103F-16F7-4668-BE54-9A1E7A4F7556}") = "PertCharts", "PertCharts\PertCharts.csproj", "{64B0A73F-D2FA-40E7-9A0F-ED2CE5EFE462}"
EndProject
Project("{9A19103F-16F7-4668-BE54-9A1E7A4F7556}") = "CriticalPaths", "CriticalPaths\CriticalPaths.csproj", "{69C6B2BD-1D27-484F-9CFD-567002211B88}"
EndProject
Project("{9A19103F-16F7-4668-BE54-9A1E7A4F7556}") = "GanttCharts", "..\GanttCharts\GanttCharts.csproj", "{4953C070-A229-4597-9FDD-699A159061CA}"
EndProject
Global
	GlobalSection(SolutionConfigurationPlatforms) = preSolution
		Debug|Any CPU = Debug|Any CPU
		Release|Any CPU = Release|Any CPU
	EndGlobalSection
	GlobalSection(ProjectConfigurationPlatforms) = postSolution
		{1C3158B1-081D-45C4-B085-C80CED3C1B2E}.Debug|Any CPU.ActiveCfg = Debug|Any CPU
		{1C3158B1-081D-45C4-B085-C80CED3C1B2E}.Debug|Any CPU.Build.0 = Debug|Any CPU
		{1C3158B1-081D-45C4-B085-C80CED3C1B2E}.Release|Any CPU.ActiveCfg = Release|Any CPU
		{1C3158B1-081D-45C4-B085-C80CED3C1B2E}.Release|Any CPU.Build.0 = Release|Any CPU
		{64B0A73F-D2FA-40E7-9A0F-ED2CE5EFE462}.Debug|Any CPU.ActiveCfg = Debug|Any CPU
		{64B0A73F-D2FA-40E7-9A0F-ED2CE5EFE462}.Debug|Any CPU.Build.0 = Debug|Any CPU
		{64B0A73F-D2FA-40E7-9A0F-ED2CE5EFE462}.Release|Any CPU.ActiveCfg = Release|Any CPU
		{64B0A73F-D2FA-40E7-9A0F-ED2CE5EFE462}.Release|Any CPU.Build.0 = Release|Any CPU
		{69C6B2BD-1D27-484F-9CFD-567002211B88}.Debug|Any CPU.ActiveCfg = Debug|Any CPU
		{69C6B2BD-1D27-484F-9CFD-567002211B88}.Debug|Any CPU.Build.0 = Debug|Any CPU
		{69C6B2BD-1D27-484F-9CFD-567002211B88}.Release|Any CPU.ActiveCfg = Release|Any CPU
		{69C6B2BD-1D27-484F-9CFD-567002211B88}.Release|Any CPU.Build.0 = Release|Any CPU
		{4953C070-A229-4597-9FDD-699A159061CA}.Debug|Any CPU.ActiveCfg = Debug|Any CPU
		{4953C070-A229-4597-9FDD-699A159061CA}.Debug|Any CPU.Build.0 = Debug|Any CPU
		{4953C070-A229-4597-9FDD-699A159061CA}.Release|Any CPU.ActiveCfg = Release|Any CPU
		{4953C070-A229-4597-9FDD-699A159061CA}.Release|Any CPU.Build.0 = Release|Any CPU
	EndGlobalSection
	GlobalSection(SolutionProperties) = preSolution
		HideSolutionNode = FALSE
	EndGlobalSection
	GlobalSection(ExtensibilityGlobals) = postSolution
		SolutionGuid = {6C5185CA-1A4D-47AD-8E10-C7E769A41BC2}
	EndGlobalSection
EndGlobal
