
Microsoft Visual Studio Solution File, Format Version 12.00
# Visual Studio Version 17
VisualStudioVersion = 17.0.32014.148
MinimumVisualStudioVersion = 10.0.40219.1
Project("{9A19103F-16F7-4668-BE54-9A1E7A4F7556}") = "binary_node1", "binary_node1\binary_node1.csproj", "{146EF9A5-48EF-4526-A67E-53AA3170FBDB}"
EndProject
Project("{FAE04EC0-301F-11D3-BF4B-00C04F79EFBC}") = "nary_node1", "nary_node1\nary_node1.csproj", "{9AD7BFC9-8A41-44C4-A51A-0DF50C850516}"
EndProject
Global
	GlobalSection(SolutionConfigurationPlatforms) = preSolution
		Debug|Any CPU = Debug|Any CPU
		Release|Any CPU = Release|Any CPU
	EndGlobalSection
	GlobalSection(ProjectConfigurationPlatforms) = postSolution
		{146EF9A5-48EF-4526-A67E-53AA3170FBDB}.Debug|Any CPU.ActiveCfg = Debug|Any CPU
		{146EF9A5-48EF-4526-A67E-53AA3170FBDB}.Debug|Any CPU.Build.0 = Debug|Any CPU
		{146EF9A5-48EF-4526-A67E-53AA3170FBDB}.Release|Any CPU.ActiveCfg = Release|Any CPU
		{146EF9A5-48EF-4526-A67E-53AA3170FBDB}.Release|Any CPU.Build.0 = Release|Any CPU
		{9AD7BFC9-8A41-44C4-A51A-0DF50C850516}.Debug|Any CPU.ActiveCfg = Debug|Any CPU
		{9AD7BFC9-8A41-44C4-A51A-0DF50C850516}.Debug|Any CPU.Build.0 = Debug|Any CPU
		{9AD7BFC9-8A41-44C4-A51A-0DF50C850516}.Release|Any CPU.ActiveCfg = Release|Any CPU
		{9AD7BFC9-8A41-44C4-A51A-0DF50C850516}.Release|Any CPU.Build.0 = Release|Any CPU
	EndGlobalSection
	GlobalSection(SolutionProperties) = preSolution
		HideSolutionNode = FALSE
	EndGlobalSection
	GlobalSection(ExtensibilityGlobals) = postSolution
		SolutionGuid = {CC71E858-D2D1-4737-94C4-50F49156F165}
	EndGlobalSection
EndGlobal
