
Microsoft Visual Studio Solution File, Format Version 12.00
# Visual Studio Version 17
VisualStudioVersion = 17.0.32014.148
MinimumVisualStudioVersion = 10.0.40219.1
Project("{9A19103F-16F7-4668-BE54-9A1E7A4F7556}") = "binary_node1", "binary_node1\binary_node1.csproj", "{146EF9A5-48EF-4526-A67E-53AA3170FBDB}"
EndProject
Project("{9A19103F-16F7-4668-BE54-9A1E7A4F7556}") = "nary_node1", "nary_node1\nary_node1.csproj", "{9AD7BFC9-8A41-44C4-A51A-0DF50C850516}"
EndProject
Project("{9A19103F-16F7-4668-BE54-9A1E7A4F7556}") = "binary_node2", "binary_node2\binary_node2.csproj", "{D9F18117-6D6E-4092-BE7E-0B30F209CF56}"
EndProject
Project("{9A19103F-16F7-4668-BE54-9A1E7A4F7556}") = "nary_node2", "nary_node2\nary_node2.csproj", "{6534BBA0-632A-4965-94BE-21324BB2CF2F}"
EndProject
Project("{9A19103F-16F7-4668-BE54-9A1E7A4F7556}") = "binary_node3", "binary_node3\binary_node3.csproj", "{72C9779D-4DD0-45F7-A434-EE974FDD53DD}"
EndProject
Project("{9A19103F-16F7-4668-BE54-9A1E7A4F7556}") = "nary_node3", "nary_node3\nary_node3.csproj", "{A70A2544-1787-4899-89E8-265BD82D8029}"
EndProject
Project("{9A19103F-16F7-4668-BE54-9A1E7A4F7556}") = "binary_node4", "binary_node4\binary_node4.csproj", "{F9558E2C-0A4D-4871-AC48-E4EC522EF152}"
EndProject
Project("{9A19103F-16F7-4668-BE54-9A1E7A4F7556}") = "nary_node4", "nary_node4\nary_node4.csproj", "{B16D2501-AD4E-4BD6-B41E-9356DE4BFEC0}"
EndProject
Global
	GlobalSection(SolutionConfigurationPlatforms) = preSolution
		Debug|Any CPU = Debug|Any CPU
		Release|Any CPU = Release|Any CPU
	EndGlobalSection
	GlobalSection(ProjectConfigurationPlatforms) = postSolution
		{146EF9A5-48EF-4526-A67E-53AA3170FBDB}.Debug|Any CPU.ActiveCfg = Debug|Any CPU
		{146EF9A5-48EF-4526-A67E-53AA3170FBDB}.Debug|Any CPU.Build.0 = Debug|Any CPU
		{146EF9A5-48EF-4526-A67E-53AA3170FBDB}.Release|Any CPU.ActiveCfg = Release|Any CPU
		{146EF9A5-48EF-4526-A67E-53AA3170FBDB}.Release|Any CPU.Build.0 = Release|Any CPU
		{9AD7BFC9-8A41-44C4-A51A-0DF50C850516}.Debug|Any CPU.ActiveCfg = Debug|Any CPU
		{9AD7BFC9-8A41-44C4-A51A-0DF50C850516}.Debug|Any CPU.Build.0 = Debug|Any CPU
		{9AD7BFC9-8A41-44C4-A51A-0DF50C850516}.Release|Any CPU.ActiveCfg = Release|Any CPU
		{9AD7BFC9-8A41-44C4-A51A-0DF50C850516}.Release|Any CPU.Build.0 = Release|Any CPU
		{D9F18117-6D6E-4092-BE7E-0B30F209CF56}.Debug|Any CPU.ActiveCfg = Debug|Any CPU
		{D9F18117-6D6E-4092-BE7E-0B30F209CF56}.Debug|Any CPU.Build.0 = Debug|Any CPU
		{D9F18117-6D6E-4092-BE7E-0B30F209CF56}.Release|Any CPU.ActiveCfg = Release|Any CPU
		{D9F18117-6D6E-4092-BE7E-0B30F209CF56}.Release|Any CPU.Build.0 = Release|Any CPU
		{6534BBA0-632A-4965-94BE-21324BB2CF2F}.Debug|Any CPU.ActiveCfg = Debug|Any CPU
		{6534BBA0-632A-4965-94BE-21324BB2CF2F}.Debug|Any CPU.Build.0 = Debug|Any CPU
		{6534BBA0-632A-4965-94BE-21324BB2CF2F}.Release|Any CPU.ActiveCfg = Release|Any CPU
		{6534BBA0-632A-4965-94BE-21324BB2CF2F}.Release|Any CPU.Build.0 = Release|Any CPU
		{72C9779D-4DD0-45F7-A434-EE974FDD53DD}.Debug|Any CPU.ActiveCfg = Debug|Any CPU
		{72C9779D-4DD0-45F7-A434-EE974FDD53DD}.Debug|Any CPU.Build.0 = Debug|Any CPU
		{72C9779D-4DD0-45F7-A434-EE974FDD53DD}.Release|Any CPU.ActiveCfg = Release|Any CPU
		{72C9779D-4DD0-45F7-A434-EE974FDD53DD}.Release|Any CPU.Build.0 = Release|Any CPU
		{A70A2544-1787-4899-89E8-265BD82D8029}.Debug|Any CPU.ActiveCfg = Debug|Any CPU
		{A70A2544-1787-4899-89E8-265BD82D8029}.Debug|Any CPU.Build.0 = Debug|Any CPU
		{A70A2544-1787-4899-89E8-265BD82D8029}.Release|Any CPU.ActiveCfg = Release|Any CPU
		{A70A2544-1787-4899-89E8-265BD82D8029}.Release|Any CPU.Build.0 = Release|Any CPU
		{F9558E2C-0A4D-4871-AC48-E4EC522EF152}.Debug|Any CPU.ActiveCfg = Debug|Any CPU
		{F9558E2C-0A4D-4871-AC48-E4EC522EF152}.Debug|Any CPU.Build.0 = Debug|Any CPU
		{F9558E2C-0A4D-4871-AC48-E4EC522EF152}.Release|Any CPU.ActiveCfg = Release|Any CPU
		{F9558E2C-0A4D-4871-AC48-E4EC522EF152}.Release|Any CPU.Build.0 = Release|Any CPU
		{B16D2501-AD4E-4BD6-B41E-9356DE4BFEC0}.Debug|Any CPU.ActiveCfg = Debug|Any CPU
		{B16D2501-AD4E-4BD6-B41E-9356DE4BFEC0}.Debug|Any CPU.Build.0 = Debug|Any CPU
		{B16D2501-AD4E-4BD6-B41E-9356DE4BFEC0}.Release|Any CPU.ActiveCfg = Release|Any CPU
		{B16D2501-AD4E-4BD6-B41E-9356DE4BFEC0}.Release|Any CPU.Build.0 = Release|Any CPU
	EndGlobalSection
	GlobalSection(SolutionProperties) = preSolution
		HideSolutionNode = FALSE
	EndGlobalSection
	GlobalSection(ExtensibilityGlobals) = postSolution
		SolutionGuid = {CC71E858-D2D1-4737-94C4-50F49156F165}
	EndGlobalSection
EndGlobal
