
Microsoft Visual Studio Solution File, Format Version 12.00
# Visual Studio Version 17
VisualStudioVersion = 17.1.32210.238
MinimumVisualStudioVersion = 10.0.40219.1
Project("{E24C65DC-7377-472B-9ABA-BC803B73C61A}") = "File", "File\", "{CAEFD702-4F7C-4166-AC4A-60D4C09DA250}"
	ProjectSection(WebsiteProperties) = preProject
		TargetFrameworkMoniker = ".NETFramework,Version%3Dv4.8"
		Debug.AspNetCompiler.VirtualPath = "/localhost_63168"
		Debug.AspNetCompiler.PhysicalPath = "File\"
		Debug.AspNetCompiler.TargetPath = "PrecompiledWeb\localhost_63168\"
		Debug.AspNetCompiler.Updateable = "true"
		Debug.AspNetCompiler.ForceOverwrite = "true"
		Debug.AspNetCompiler.FixedNames = "false"
		Debug.AspNetCompiler.Debug = "True"
		Release.AspNetCompiler.VirtualPath = "/localhost_63168"
		Release.AspNetCompiler.PhysicalPath = "File\"
		Release.AspNetCompiler.TargetPath = "PrecompiledWeb\localhost_63168\"
		Release.AspNetCompiler.Updateable = "true"
		Release.AspNetCompiler.ForceOverwrite = "true"
		Release.AspNetCompiler.FixedNames = "false"
		Release.AspNetCompiler.Debug = "False"
		VWDPort = "63168"
		SlnRelativePath = "File\"
		DefaultWebSiteLanguage = "Visual C#"
	EndProjectSection
EndProject
Global
	GlobalSection(SolutionConfigurationPlatforms) = preSolution
		Debug|Any CPU = Debug|Any CPU
	EndGlobalSection
	GlobalSection(ProjectConfigurationPlatforms) = postSolution
		{CAEFD702-4F7C-4166-AC4A-60D4C09DA250}.Debug|Any CPU.ActiveCfg = Debug|Any CPU
		{CAEFD702-4F7C-4166-AC4A-60D4C09DA250}.Debug|Any CPU.Build.0 = Debug|Any CPU
	EndGlobalSection
	GlobalSection(SolutionProperties) = preSolution
		HideSolutionNode = FALSE
	EndGlobalSection
	GlobalSection(ExtensibilityGlobals) = postSolution
		SolutionGuid = {C03ED827-8313-458F-A9D0-2610DD668EE6}
	EndGlobalSection
EndGlobal
