
Microsoft Visual Studio Solution File, Format Version 12.00
# Visual Studio Version 17
VisualStudioVersion = 17.1.32210.238
MinimumVisualStudioVersion = 10.0.40219.1
Project("{FAE04EC0-301F-11D3-BF4B-00C04F79EFBC}") = "File", "File\File.csproj", "{3B5B66C2-6E59-428F-A97D-3EECE47D7547}"
EndProject
Project("{FAE04EC0-301F-11D3-BF4B-00C04F79EFBC}") = "Geometry", "Geometry\Geometry.csproj", "{1154F401-19B5-4005-AC52-FA420AD50F5B}"
EndProject
Project("{9A19103F-16F7-4668-BE54-9A1E7A4F7556}") = "PointOps", "PointOps\PointOps.csproj", "{C6ECCF05-F35B-431D-8FE1-C71E0E18FBD3}"
EndProject
Global
	GlobalSection(SolutionConfigurationPlatforms) = preSolution
		Debug|Any CPU = Debug|Any CPU
		Release|Any CPU = Release|Any CPU
	EndGlobalSection
	GlobalSection(ProjectConfigurationPlatforms) = postSolution
		{3B5B66C2-6E59-428F-A97D-3EECE47D7547}.Debug|Any CPU.ActiveCfg = Debug|Any CPU
		{3B5B66C2-6E59-428F-A97D-3EECE47D7547}.Debug|Any CPU.Build.0 = Debug|Any CPU
		{3B5B66C2-6E59-428F-A97D-3EECE47D7547}.Release|Any CPU.ActiveCfg = Release|Any CPU
		{3B5B66C2-6E59-428F-A97D-3EECE47D7547}.Release|Any CPU.Build.0 = Release|Any CPU
		{1154F401-19B5-4005-AC52-FA420AD50F5B}.Debug|Any CPU.ActiveCfg = Debug|Any CPU
		{1154F401-19B5-4005-AC52-FA420AD50F5B}.Debug|Any CPU.Build.0 = Debug|Any CPU
		{1154F401-19B5-4005-AC52-FA420AD50F5B}.Release|Any CPU.ActiveCfg = Release|Any CPU
		{1154F401-19B5-4005-AC52-FA420AD50F5B}.Release|Any CPU.Build.0 = Release|Any CPU
		{C6ECCF05-F35B-431D-8FE1-C71E0E18FBD3}.Debug|Any CPU.ActiveCfg = Debug|Any CPU
		{C6ECCF05-F35B-431D-8FE1-C71E0E18FBD3}.Debug|Any CPU.Build.0 = Debug|Any CPU
		{C6ECCF05-F35B-431D-8FE1-C71E0E18FBD3}.Release|Any CPU.ActiveCfg = Release|Any CPU
		{C6ECCF05-F35B-431D-8FE1-C71E0E18FBD3}.Release|Any CPU.Build.0 = Release|Any CPU
	EndGlobalSection
	GlobalSection(SolutionProperties) = preSolution
		HideSolutionNode = FALSE
	EndGlobalSection
	GlobalSection(ExtensibilityGlobals) = postSolution
		SolutionGuid = {2C42375E-BADA-4BDA-B886-FEBCCB56BA9D}
	EndGlobalSection
EndGlobal
