
Microsoft Visual Studio Solution File, Format Version 12.00
# Visual Studio Version 17
VisualStudioVersion = 17.1.32210.238
MinimumVisualStudioVersion = 10.0.40219.1
Project("{9A19103F-16F7-4668-BE54-9A1E7A4F7556}") = "NetworkClasses", "NetworkClasses\NetworkClasses.csproj", "{1F509E26-B9B7-4E0E-BA25-9E538BF31CAE}"
EndProject
Project("{9A19103F-16F7-4668-BE54-9A1E7A4F7556}") = "DrawingNetworks", "DrawingNetworks\DrawingNetworks.csproj", "{03F226EB-57DB-4D3C-B5A2-EEE34F1F93D8}"
EndProject
Project("{9A19103F-16F7-4668-BE54-9A1E7A4F7556}") = "TestNetworks", "TestNetworks\TestNetworks.csproj", "{867B3D61-4DCB-4422-963E-6719013ECAF8}"
EndProject
Project("{9A19103F-16F7-4668-BE54-9A1E7A4F7556}") = "SelectingNodes", "SelectingNodes\SelectingNodes.csproj", "{11CC666C-20B6-4663-9128-FBA60356CFAF}"
EndProject
Project("{9A19103F-16F7-4668-BE54-9A1E7A4F7556}") = "ShortestPaths", "ShortestPaths\ShortestPaths.csproj", "{6606869D-1DDD-4E81-B43C-FF05B895520C}"
EndProject
Global
	GlobalSection(SolutionConfigurationPlatforms) = preSolution
		Debug|Any CPU = Debug|Any CPU
		Release|Any CPU = Release|Any CPU
	EndGlobalSection
	GlobalSection(ProjectConfigurationPlatforms) = postSolution
		{1F509E26-B9B7-4E0E-BA25-9E538BF31CAE}.Debug|Any CPU.ActiveCfg = Debug|Any CPU
		{1F509E26-B9B7-4E0E-BA25-9E538BF31CAE}.Debug|Any CPU.Build.0 = Debug|Any CPU
		{1F509E26-B9B7-4E0E-BA25-9E538BF31CAE}.Release|Any CPU.ActiveCfg = Release|Any CPU
		{1F509E26-B9B7-4E0E-BA25-9E538BF31CAE}.Release|Any CPU.Build.0 = Release|Any CPU
		{03F226EB-57DB-4D3C-B5A2-EEE34F1F93D8}.Debug|Any CPU.ActiveCfg = Debug|Any CPU
		{03F226EB-57DB-4D3C-B5A2-EEE34F1F93D8}.Debug|Any CPU.Build.0 = Debug|Any CPU
		{03F226EB-57DB-4D3C-B5A2-EEE34F1F93D8}.Release|Any CPU.ActiveCfg = Release|Any CPU
		{03F226EB-57DB-4D3C-B5A2-EEE34F1F93D8}.Release|Any CPU.Build.0 = Release|Any CPU
		{867B3D61-4DCB-4422-963E-6719013ECAF8}.Debug|Any CPU.ActiveCfg = Debug|Any CPU
		{867B3D61-4DCB-4422-963E-6719013ECAF8}.Debug|Any CPU.Build.0 = Debug|Any CPU
		{867B3D61-4DCB-4422-963E-6719013ECAF8}.Release|Any CPU.ActiveCfg = Release|Any CPU
		{867B3D61-4DCB-4422-963E-6719013ECAF8}.Release|Any CPU.Build.0 = Release|Any CPU
		{11CC666C-20B6-4663-9128-FBA60356CFAF}.Debug|Any CPU.ActiveCfg = Debug|Any CPU
		{11CC666C-20B6-4663-9128-FBA60356CFAF}.Debug|Any CPU.Build.0 = Debug|Any CPU
		{11CC666C-20B6-4663-9128-FBA60356CFAF}.Release|Any CPU.ActiveCfg = Release|Any CPU
		{11CC666C-20B6-4663-9128-FBA60356CFAF}.Release|Any CPU.Build.0 = Release|Any CPU
		{6606869D-1DDD-4E81-B43C-FF05B895520C}.Debug|Any CPU.ActiveCfg = Debug|Any CPU
		{6606869D-1DDD-4E81-B43C-FF05B895520C}.Debug|Any CPU.Build.0 = Debug|Any CPU
		{6606869D-1DDD-4E81-B43C-FF05B895520C}.Release|Any CPU.ActiveCfg = Release|Any CPU
		{6606869D-1DDD-4E81-B43C-FF05B895520C}.Release|Any CPU.Build.0 = Release|Any CPU
	EndGlobalSection
	GlobalSection(SolutionProperties) = preSolution
		HideSolutionNode = FALSE
	EndGlobalSection
	GlobalSection(ExtensibilityGlobals) = postSolution
		SolutionGuid = {431FC60E-0D2C-42E0-B08D-FE0153FC915A}
	EndGlobalSection
EndGlobal
